// !$*UTF8*$!
{
	archiveVersion = 1;
	classes = {
	};
	objectVersion = 51;
	objects = {

/* Begin PBXBuildFile section */
		3B4C3D67237ACE7F00A7DE8F /* Example3.org in Resources */ = {isa = PBXBuildFile; fileRef = 3B4C3D65237ACE7F00A7DE8F /* Example3.org */; };
		3B4C3D68237ACE7F00A7DE8F /* Example4.org in Resources */ = {isa = PBXBuildFile; fileRef = 3B4C3D66237ACE7F00A7DE8F /* Example4.org */; };
		3B4C3D6C237ACE9800A7DE8F /* Example2.org in Resources */ = {isa = PBXBuildFile; fileRef = 3B4C3D6A237ACE9800A7DE8F /* Example2.org */; };
		3BA65FEF237C3297004CEACF /* src_blog_2018_08_08_blogging-with-org-mode.org in Resources */ = {isa = PBXBuildFile; fileRef = 3BA65FEE237C3297004CEACF /* src_blog_2018_08_08_blogging-with-org-mode.org */; };
		3BC62C3A237ACCDB00CCE91A /* DocumentRepository.swift in Sources */ = {isa = PBXBuildFile; fileRef = 3BC62C39237ACCDB00CCE91A /* DocumentRepository.swift */; };
		3BD42583237AE44000F1F927 /* ContentView.swift in Sources */ = {isa = PBXBuildFile; fileRef = 3BD42582237AE44000F1F927 /* ContentView.swift */; };
		3BD42586237AFC9300F1F927 /* AppState.swift in Sources */ = {isa = PBXBuildFile; fileRef = 3BD42585237AFC9300F1F927 /* AppState.swift */; };
		3BD4258A237B08D600F1F927 /* AppCommander.swift in Sources */ = {isa = PBXBuildFile; fileRef = 3BD42589237B08D600F1F927 /* AppCommander.swift */; };
		3BD4258C237B0F1200F1F927 /* DocumentListView.swift in Sources */ = {isa = PBXBuildFile; fileRef = 3BD4258B237B0F1200F1F927 /* DocumentListView.swift */; };
		430E68B12379653D00B96D78 /* AppDelegate.swift in Sources */ = {isa = PBXBuildFile; fileRef = 430E68B02379653D00B96D78 /* AppDelegate.swift */; };
		430E68B32379653D00B96D78 /* SceneDelegate.swift in Sources */ = {isa = PBXBuildFile; fileRef = 430E68B22379653D00B96D78 /* SceneDelegate.swift */; };
		430E68B52379653D00B96D78 /* AppView.swift in Sources */ = {isa = PBXBuildFile; fileRef = 430E68B42379653D00B96D78 /* AppView.swift */; };
		430E68B72379653E00B96D78 /* Assets.xcassets in Resources */ = {isa = PBXBuildFile; fileRef = 430E68B62379653E00B96D78 /* Assets.xcassets */; };
		430E68BA2379653E00B96D78 /* Preview Assets.xcassets in Resources */ = {isa = PBXBuildFile; fileRef = 430E68B92379653E00B96D78 /* Preview Assets.xcassets */; };
		430E68BD2379653E00B96D78 /* LaunchScreen.storyboard in Resources */ = {isa = PBXBuildFile; fileRef = 430E68BB2379653E00B96D78 /* LaunchScreen.storyboard */; };
		430E68C82379653E00B96D78 /* TreeOfThingsTests.swift in Sources */ = {isa = PBXBuildFile; fileRef = 430E68C72379653E00B96D78 /* TreeOfThingsTests.swift */; };
		430E68D82379939C00B96D78 /* Document.swift in Sources */ = {isa = PBXBuildFile; fileRef = 430E68D72379939C00B96D78 /* Document.swift */; };
		43251BF4237A9CCC00F1E7AA /* DocumentOverview.swift in Sources */ = {isa = PBXBuildFile; fileRef = 43251BF3237A9CCC00F1E7AA /* DocumentOverview.swift */; };
		43251BF6237AB33000F1E7AA /* HeadingView.swift in Sources */ = {isa = PBXBuildFile; fileRef = 43251BF5237AB33000F1E7AA /* HeadingView.swift */; };
		432AAE2E237BF68B00EDCE5A /* Resource.swift in Sources */ = {isa = PBXBuildFile; fileRef = 432AAE2D237BF68B00EDCE5A /* Resource.swift */; };
		F23DD42381436D37AB70D17D /* Pods_TreeOfThings.framework in Frameworks */ = {isa = PBXBuildFile; fileRef = 7881D0C0FC59FED6A18F8F5B /* Pods_TreeOfThings.framework */; };
		FBBA42C45BB2DD9C0A9C7B8A /* Pods_TreeOfThingsTests.framework in Frameworks */ = {isa = PBXBuildFile; fileRef = 1584F81CDDE9F140C38BC729 /* Pods_TreeOfThingsTests.framework */; };
/* End PBXBuildFile section */

/* Begin PBXContainerItemProxy section */
		430E68C42379653E00B96D78 /* PBXContainerItemProxy */ = {
			isa = PBXContainerItemProxy;
			containerPortal = 430E68A52379653D00B96D78 /* Project object */;
			proxyType = 1;
			remoteGlobalIDString = 430E68AC2379653D00B96D78;
			remoteInfo = TreeOfThings;
		};
/* End PBXContainerItemProxy section */

/* Begin PBXFileReference section */
		1584F81CDDE9F140C38BC729 /* Pods_TreeOfThingsTests.framework */ = {isa = PBXFileReference; explicitFileType = wrapper.framework; includeInIndex = 0; path = Pods_TreeOfThingsTests.framework; sourceTree = BUILT_PRODUCTS_DIR; };
		1F36F1032556E57BB63375A8 /* Pods-TreeOfThings.debug.xcconfig */ = {isa = PBXFileReference; includeInIndex = 1; lastKnownFileType = text.xcconfig; name = "Pods-TreeOfThings.debug.xcconfig"; path = "Target Support Files/Pods-TreeOfThings/Pods-TreeOfThings.debug.xcconfig"; sourceTree = "<group>"; };
		3B4C3D65237ACE7F00A7DE8F /* Example3.org */ = {isa = PBXFileReference; fileEncoding = 4; lastKnownFileType = text; path = Example3.org; sourceTree = "<group>"; };
		3B4C3D66237ACE7F00A7DE8F /* Example4.org */ = {isa = PBXFileReference; fileEncoding = 4; lastKnownFileType = text; path = Example4.org; sourceTree = "<group>"; };
		3B4C3D6A237ACE9800A7DE8F /* Example2.org */ = {isa = PBXFileReference; fileEncoding = 4; lastKnownFileType = text; path = Example2.org; sourceTree = "<group>"; };
		3BA65FEE237C3297004CEACF /* src_blog_2018_08_08_blogging-with-org-mode.org */ = {isa = PBXFileReference; fileEncoding = 4; lastKnownFileType = text; path = "src_blog_2018_08_08_blogging-with-org-mode.org"; sourceTree = "<group>"; };
		3BC62C39237ACCDB00CCE91A /* DocumentRepository.swift */ = {isa = PBXFileReference; lastKnownFileType = sourcecode.swift; path = DocumentRepository.swift; sourceTree = "<group>"; };
		3BD42582237AE44000F1F927 /* ContentView.swift */ = {isa = PBXFileReference; lastKnownFileType = sourcecode.swift; path = ContentView.swift; sourceTree = "<group>"; };
		3BD42585237AFC9300F1F927 /* AppState.swift */ = {isa = PBXFileReference; lastKnownFileType = sourcecode.swift; path = AppState.swift; sourceTree = "<group>"; };
		3BD42589237B08D600F1F927 /* AppCommander.swift */ = {isa = PBXFileReference; lastKnownFileType = sourcecode.swift; path = AppCommander.swift; sourceTree = "<group>"; };
		3BD4258B237B0F1200F1F927 /* DocumentListView.swift */ = {isa = PBXFileReference; lastKnownFileType = sourcecode.swift; path = DocumentListView.swift; sourceTree = "<group>"; };
		430E68AD2379653D00B96D78 /* TreeOfThings.app */ = {isa = PBXFileReference; explicitFileType = wrapper.application; includeInIndex = 0; path = TreeOfThings.app; sourceTree = BUILT_PRODUCTS_DIR; };
		430E68B02379653D00B96D78 /* AppDelegate.swift */ = {isa = PBXFileReference; lastKnownFileType = sourcecode.swift; path = AppDelegate.swift; sourceTree = "<group>"; };
		430E68B22379653D00B96D78 /* SceneDelegate.swift */ = {isa = PBXFileReference; lastKnownFileType = sourcecode.swift; path = SceneDelegate.swift; sourceTree = "<group>"; };
		430E68B42379653D00B96D78 /* AppView.swift */ = {isa = PBXFileReference; lastKnownFileType = sourcecode.swift; path = AppView.swift; sourceTree = "<group>"; };
		430E68B62379653E00B96D78 /* Assets.xcassets */ = {isa = PBXFileReference; lastKnownFileType = folder.assetcatalog; path = Assets.xcassets; sourceTree = "<group>"; };
		430E68B92379653E00B96D78 /* Preview Assets.xcassets */ = {isa = PBXFileReference; lastKnownFileType = folder.assetcatalog; path = "Preview Assets.xcassets"; sourceTree = "<group>"; };
		430E68BC2379653E00B96D78 /* Base */ = {isa = PBXFileReference; lastKnownFileType = file.storyboard; name = Base; path = Base.lproj/LaunchScreen.storyboard; sourceTree = "<group>"; };
		430E68BE2379653E00B96D78 /* Info.plist */ = {isa = PBXFileReference; lastKnownFileType = text.plist.xml; path = Info.plist; sourceTree = "<group>"; };
		430E68C32379653E00B96D78 /* TreeOfThingsTests.xctest */ = {isa = PBXFileReference; explicitFileType = wrapper.cfbundle; includeInIndex = 0; path = TreeOfThingsTests.xctest; sourceTree = BUILT_PRODUCTS_DIR; };
		430E68C72379653E00B96D78 /* TreeOfThingsTests.swift */ = {isa = PBXFileReference; lastKnownFileType = sourcecode.swift; path = TreeOfThingsTests.swift; sourceTree = "<group>"; };
		430E68C92379653E00B96D78 /* Info.plist */ = {isa = PBXFileReference; lastKnownFileType = text.plist.xml; path = Info.plist; sourceTree = "<group>"; };
		430E68D72379939C00B96D78 /* Document.swift */ = {isa = PBXFileReference; lastKnownFileType = sourcecode.swift; path = Document.swift; sourceTree = "<group>"; };
		43251BF3237A9CCC00F1E7AA /* DocumentOverview.swift */ = {isa = PBXFileReference; lastKnownFileType = sourcecode.swift; path = DocumentOverview.swift; sourceTree = "<group>"; };
		43251BF5237AB33000F1E7AA /* HeadingView.swift */ = {isa = PBXFileReference; lastKnownFileType = sourcecode.swift; path = HeadingView.swift; sourceTree = "<group>"; };
		432AAE2D237BF68B00EDCE5A /* Resource.swift */ = {isa = PBXFileReference; lastKnownFileType = sourcecode.swift; path = Resource.swift; sourceTree = "<group>"; };
		7881D0C0FC59FED6A18F8F5B /* Pods_TreeOfThings.framework */ = {isa = PBXFileReference; explicitFileType = wrapper.framework; includeInIndex = 0; path = Pods_TreeOfThings.framework; sourceTree = BUILT_PRODUCTS_DIR; };
		82FD81727BF6EC956B818963 /* Pods-TreeOfThings.release.xcconfig */ = {isa = PBXFileReference; includeInIndex = 1; lastKnownFileType = text.xcconfig; name = "Pods-TreeOfThings.release.xcconfig"; path = "Target Support Files/Pods-TreeOfThings/Pods-TreeOfThings.release.xcconfig"; sourceTree = "<group>"; };
		9E1AEC94CCE9F5A3317ED12C /* Pods-TreeOfThingsTests.debug.xcconfig */ = {isa = PBXFileReference; includeInIndex = 1; lastKnownFileType = text.xcconfig; name = "Pods-TreeOfThingsTests.debug.xcconfig"; path = "Target Support Files/Pods-TreeOfThingsTests/Pods-TreeOfThingsTests.debug.xcconfig"; sourceTree = "<group>"; };
		D0B0759AE6EA118182FF88ED /* Pods-TreeOfThingsTests.release.xcconfig */ = {isa = PBXFileReference; includeInIndex = 1; lastKnownFileType = text.xcconfig; name = "Pods-TreeOfThingsTests.release.xcconfig"; path = "Target Support Files/Pods-TreeOfThingsTests/Pods-TreeOfThingsTests.release.xcconfig"; sourceTree = "<group>"; };
/* End PBXFileReference section */

/* Begin PBXFrameworksBuildPhase section */
		430E68AA2379653D00B96D78 /* Frameworks */ = {
			isa = PBXFrameworksBuildPhase;
			buildActionMask = 2147483647;
			files = (
				F23DD42381436D37AB70D17D /* Pods_TreeOfThings.framework in Frameworks */,
			);
			runOnlyForDeploymentPostprocessing = 0;
		};
		430E68C02379653E00B96D78 /* Frameworks */ = {
			isa = PBXFrameworksBuildPhase;
			buildActionMask = 2147483647;
			files = (
				FBBA42C45BB2DD9C0A9C7B8A /* Pods_TreeOfThingsTests.framework in Frameworks */,
			);
			runOnlyForDeploymentPostprocessing = 0;
		};
/* End PBXFrameworksBuildPhase section */

/* Begin PBXGroup section */
		3BC62C3B237ACD8200CCE91A /* Examples */ = {
			isa = PBXGroup;
			children = (
				3B4C3D6A237ACE9800A7DE8F /* Example2.org */,
				3B4C3D65237ACE7F00A7DE8F /* Example3.org */,
				3B4C3D66237ACE7F00A7DE8F /* Example4.org */,
				3BA65FEE237C3297004CEACF /* src_blog_2018_08_08_blogging-with-org-mode.org */,
			);
			path = Examples;
			sourceTree = "<group>";
		};
		3BD42584237AFC7F00F1F927 /* Model */ = {
			isa = PBXGroup;
			children = (
				3BD42585237AFC9300F1F927 /* AppState.swift */,
				432AAE2D237BF68B00EDCE5A /* Resource.swift */,
			);
			path = Model;
			sourceTree = "<group>";
		};
		430E68A42379653D00B96D78 = {
			isa = PBXGroup;
			children = (
				430E68AF2379653D00B96D78 /* TreeOfThings */,
				430E68C62379653E00B96D78 /* TreeOfThingsTests */,
				430E68AE2379653D00B96D78 /* Products */,
				CB2C5B5AC1624DA2BC4A679C /* Pods */,
				E5AB8899C03D0ADA34882DE6 /* Frameworks */,
			);
			sourceTree = "<group>";
		};
		430E68AE2379653D00B96D78 /* Products */ = {
			isa = PBXGroup;
			children = (
				430E68AD2379653D00B96D78 /* TreeOfThings.app */,
				430E68C32379653E00B96D78 /* TreeOfThingsTests.xctest */,
			);
			name = Products;
			sourceTree = "<group>";
		};
		430E68AF2379653D00B96D78 /* TreeOfThings */ = {
			isa = PBXGroup;
			children = (
				3BD42584237AFC7F00F1F927 /* Model */,
				3BC62C3B237ACD8200CCE91A /* Examples */,
				43251BF7237AB35B00F1E7AA /* Views */,
				430E68D62379935500B96D78 /* Services */,
				430E68B02379653D00B96D78 /* AppDelegate.swift */,
				430E68B22379653D00B96D78 /* SceneDelegate.swift */,
				430E68B62379653E00B96D78 /* Assets.xcassets */,
				430E68BB2379653E00B96D78 /* LaunchScreen.storyboard */,
				430E68BE2379653E00B96D78 /* Info.plist */,
				430E68B82379653E00B96D78 /* Preview Content */,
			);
			path = TreeOfThings;
			sourceTree = "<group>";
		};
		430E68B82379653E00B96D78 /* Preview Content */ = {
			isa = PBXGroup;
			children = (
				430E68B92379653E00B96D78 /* Preview Assets.xcassets */,
			);
			path = "Preview Content";
			sourceTree = "<group>";
		};
		430E68C62379653E00B96D78 /* TreeOfThingsTests */ = {
			isa = PBXGroup;
			children = (
				430E68C72379653E00B96D78 /* TreeOfThingsTests.swift */,
				430E68C92379653E00B96D78 /* Info.plist */,
			);
			path = TreeOfThingsTests;
			sourceTree = "<group>";
		};
		430E68D62379935500B96D78 /* Services */ = {
			isa = PBXGroup;
			children = (
				430E68D72379939C00B96D78 /* Document.swift */,
				3BC62C39237ACCDB00CCE91A /* DocumentRepository.swift */,
				3BD42589237B08D600F1F927 /* AppCommander.swift */,
			);
			path = Services;
			sourceTree = "<group>";
		};
		43251BF7237AB35B00F1E7AA /* Views */ = {
			isa = PBXGroup;
			children = (
				430E68B42379653D00B96D78 /* AppView.swift */,
				43251BF3237A9CCC00F1E7AA /* DocumentOverview.swift */,
				43251BF5237AB33000F1E7AA /* HeadingView.swift */,
				3BD42582237AE44000F1F927 /* ContentView.swift */,
				3BD4258B237B0F1200F1F927 /* DocumentListView.swift */,
			);
			path = Views;
			sourceTree = "<group>";
		};
		CB2C5B5AC1624DA2BC4A679C /* Pods */ = {
			isa = PBXGroup;
			children = (
				1F36F1032556E57BB63375A8 /* Pods-TreeOfThings.debug.xcconfig */,
				82FD81727BF6EC956B818963 /* Pods-TreeOfThings.release.xcconfig */,
				9E1AEC94CCE9F5A3317ED12C /* Pods-TreeOfThingsTests.debug.xcconfig */,
				D0B0759AE6EA118182FF88ED /* Pods-TreeOfThingsTests.release.xcconfig */,
			);
			path = Pods;
			sourceTree = "<group>";
		};
		E5AB8899C03D0ADA34882DE6 /* Frameworks */ = {
			isa = PBXGroup;
			children = (
				7881D0C0FC59FED6A18F8F5B /* Pods_TreeOfThings.framework */,
				1584F81CDDE9F140C38BC729 /* Pods_TreeOfThingsTests.framework */,
			);
			name = Frameworks;
			sourceTree = "<group>";
		};
/* End PBXGroup section */

/* Begin PBXNativeTarget section */
		430E68AC2379653D00B96D78 /* TreeOfThings */ = {
			isa = PBXNativeTarget;
			buildConfigurationList = 430E68CC2379653E00B96D78 /* Build configuration list for PBXNativeTarget "TreeOfThings" */;
			buildPhases = (
				D1D29C38DDA16AE720A6A7F2 /* [CP] Check Pods Manifest.lock */,
				430E68A92379653D00B96D78 /* Sources */,
				430E68AA2379653D00B96D78 /* Frameworks */,
				430E68AB2379653D00B96D78 /* Resources */,
				96A08022A37117C6EF47B048 /* [CP] Embed Pods Frameworks */,
			);
			buildRules = (
			);
			dependencies = (
			);
			name = TreeOfThings;
			productName = TreeOfThings;
			productReference = 430E68AD2379653D00B96D78 /* TreeOfThings.app */;
			productType = "com.apple.product-type.application";
		};
		430E68C22379653E00B96D78 /* TreeOfThingsTests */ = {
			isa = PBXNativeTarget;
			buildConfigurationList = 430E68CF2379653E00B96D78 /* Build configuration list for PBXNativeTarget "TreeOfThingsTests" */;
			buildPhases = (
				A93FDEBBCCA49349382B4699 /* [CP] Check Pods Manifest.lock */,
				430E68BF2379653E00B96D78 /* Sources */,
				430E68C02379653E00B96D78 /* Frameworks */,
				430E68C12379653E00B96D78 /* Resources */,
			);
			buildRules = (
			);
			dependencies = (
				430E68C52379653E00B96D78 /* PBXTargetDependency */,
			);
			name = TreeOfThingsTests;
			productName = TreeOfThingsTests;
			productReference = 430E68C32379653E00B96D78 /* TreeOfThingsTests.xctest */;
			productType = "com.apple.product-type.bundle.unit-test";
		};
/* End PBXNativeTarget section */

/* Begin PBXProject section */
		430E68A52379653D00B96D78 /* Project object */ = {
			isa = PBXProject;
			attributes = {
				LastSwiftUpdateCheck = 1120;
				LastUpgradeCheck = 1120;
				ORGANIZATIONNAME = "Donatas Petrauskas";
				TargetAttributes = {
					430E68AC2379653D00B96D78 = {
						CreatedOnToolsVersion = 11.2;
					};
					430E68C22379653E00B96D78 = {
						CreatedOnToolsVersion = 11.2;
						TestTargetID = 430E68AC2379653D00B96D78;
					};
				};
			};
			buildConfigurationList = 430E68A82379653D00B96D78 /* Build configuration list for PBXProject "TreeOfThings" */;
			compatibilityVersion = "Xcode 9.3";
			developmentRegion = en;
			hasScannedForEncodings = 0;
			knownRegions = (
				en,
				Base,
			);
			mainGroup = 430E68A42379653D00B96D78;
			productRefGroup = 430E68AE2379653D00B96D78 /* Products */;
			projectDirPath = "";
			projectRoot = "";
			targets = (
				430E68AC2379653D00B96D78 /* TreeOfThings */,
				430E68C22379653E00B96D78 /* TreeOfThingsTests */,
			);
		};
/* End PBXProject section */

/* Begin PBXResourcesBuildPhase section */
		430E68AB2379653D00B96D78 /* Resources */ = {
			isa = PBXResourcesBuildPhase;
			buildActionMask = 2147483647;
			files = (
				430E68BD2379653E00B96D78 /* LaunchScreen.storyboard in Resources */,
				3B4C3D6C237ACE9800A7DE8F /* Example2.org in Resources */,
				3B4C3D67237ACE7F00A7DE8F /* Example3.org in Resources */,
				430E68BA2379653E00B96D78 /* Preview Assets.xcassets in Resources */,
				430E68B72379653E00B96D78 /* Assets.xcassets in Resources */,
				3B4C3D68237ACE7F00A7DE8F /* Example4.org in Resources */,
				3BA65FEF237C3297004CEACF /* src_blog_2018_08_08_blogging-with-org-mode.org in Resources */,
			);
			runOnlyForDeploymentPostprocessing = 0;
		};
		430E68C12379653E00B96D78 /* Resources */ = {
			isa = PBXResourcesBuildPhase;
			buildActionMask = 2147483647;
			files = (
			);
			runOnlyForDeploymentPostprocessing = 0;
		};
/* End PBXResourcesBuildPhase section */

/* Begin PBXShellScriptBuildPhase section */
		96A08022A37117C6EF47B048 /* [CP] Embed Pods Frameworks */ = {
			isa = PBXShellScriptBuildPhase;
			buildActionMask = 2147483647;
			files = (
			);
			inputFileListPaths = (
				"${PODS_ROOT}/Target Support Files/Pods-TreeOfThings/Pods-TreeOfThings-frameworks-${CONFIGURATION}-input-files.xcfilelist",
			);
			name = "[CP] Embed Pods Frameworks";
			outputFileListPaths = (
				"${PODS_ROOT}/Target Support Files/Pods-TreeOfThings/Pods-TreeOfThings-frameworks-${CONFIGURATION}-output-files.xcfilelist",
			);
			runOnlyForDeploymentPostprocessing = 0;
			shellPath = /bin/sh;
			shellScript = "\"${PODS_ROOT}/Target Support Files/Pods-TreeOfThings/Pods-TreeOfThings-frameworks.sh\"\n";
			showEnvVarsInLog = 0;
		};
		A93FDEBBCCA49349382B4699 /* [CP] Check Pods Manifest.lock */ = {
			isa = PBXShellScriptBuildPhase;
			buildActionMask = 2147483647;
			files = (
			);
			inputFileListPaths = (
			);
			inputPaths = (
				"${PODS_PODFILE_DIR_PATH}/Podfile.lock",
				"${PODS_ROOT}/Manifest.lock",
			);
			name = "[CP] Check Pods Manifest.lock";
			outputFileListPaths = (
			);
			outputPaths = (
				"$(DERIVED_FILE_DIR)/Pods-TreeOfThingsTests-checkManifestLockResult.txt",
			);
			runOnlyForDeploymentPostprocessing = 0;
			shellPath = /bin/sh;
			shellScript = "diff \"${PODS_PODFILE_DIR_PATH}/Podfile.lock\" \"${PODS_ROOT}/Manifest.lock\" > /dev/null\nif [ $? != 0 ] ; then\n    # print error to STDERR\n    echo \"error: The sandbox is not in sync with the Podfile.lock. Run 'pod install' or update your CocoaPods installation.\" >&2\n    exit 1\nfi\n# This output is used by Xcode 'outputs' to avoid re-running this script phase.\necho \"SUCCESS\" > \"${SCRIPT_OUTPUT_FILE_0}\"\n";
			showEnvVarsInLog = 0;
		};
		D1D29C38DDA16AE720A6A7F2 /* [CP] Check Pods Manifest.lock */ = {
			isa = PBXShellScriptBuildPhase;
			buildActionMask = 2147483647;
			files = (
			);
			inputFileListPaths = (
			);
			inputPaths = (
				"${PODS_PODFILE_DIR_PATH}/Podfile.lock",
				"${PODS_ROOT}/Manifest.lock",
			);
			name = "[CP] Check Pods Manifest.lock";
			outputFileListPaths = (
			);
			outputPaths = (
				"$(DERIVED_FILE_DIR)/Pods-TreeOfThings-checkManifestLockResult.txt",
			);
			runOnlyForDeploymentPostprocessing = 0;
			shellPath = /bin/sh;
			shellScript = "diff \"${PODS_PODFILE_DIR_PATH}/Podfile.lock\" \"${PODS_ROOT}/Manifest.lock\" > /dev/null\nif [ $? != 0 ] ; then\n    # print error to STDERR\n    echo \"error: The sandbox is not in sync with the Podfile.lock. Run 'pod install' or update your CocoaPods installation.\" >&2\n    exit 1\nfi\n# This output is used by Xcode 'outputs' to avoid re-running this script phase.\necho \"SUCCESS\" > \"${SCRIPT_OUTPUT_FILE_0}\"\n";
			showEnvVarsInLog = 0;
		};
/* End PBXShellScriptBuildPhase section */

/* Begin PBXSourcesBuildPhase section */
		430E68A92379653D00B96D78 /* Sources */ = {
			isa = PBXSourcesBuildPhase;
			buildActionMask = 2147483647;
			files = (
				432AAE2E237BF68B00EDCE5A /* Resource.swift in Sources */,
				43251BF4237A9CCC00F1E7AA /* DocumentOverview.swift in Sources */,
				3BD42586237AFC9300F1F927 /* AppState.swift in Sources */,
				430E68B12379653D00B96D78 /* AppDelegate.swift in Sources */,
				3BD4258C237B0F1200F1F927 /* DocumentListView.swift in Sources */,
				3BC62C3A237ACCDB00CCE91A /* DocumentRepository.swift in Sources */,
				430E68B32379653D00B96D78 /* SceneDelegate.swift in Sources */,
				430E68B52379653D00B96D78 /* AppView.swift in Sources */,
				3BD42583237AE44000F1F927 /* ContentView.swift in Sources */,
				430E68D82379939C00B96D78 /* Document.swift in Sources */,
				3BD4258A237B08D600F1F927 /* AppCommander.swift in Sources */,
				43251BF6237AB33000F1E7AA /* HeadingView.swift in Sources */,
			);
			runOnlyForDeploymentPostprocessing = 0;
		};
		430E68BF2379653E00B96D78 /* Sources */ = {
			isa = PBXSourcesBuildPhase;
			buildActionMask = 2147483647;
			files = (
				430E68C82379653E00B96D78 /* TreeOfThingsTests.swift in Sources */,
			);
			runOnlyForDeploymentPostprocessing = 0;
		};
/* End PBXSourcesBuildPhase section */

/* Begin PBXTargetDependency section */
		430E68C52379653E00B96D78 /* PBXTargetDependency */ = {
			isa = PBXTargetDependency;
			target = 430E68AC2379653D00B96D78 /* TreeOfThings */;
			targetProxy = 430E68C42379653E00B96D78 /* PBXContainerItemProxy */;
		};
/* End PBXTargetDependency section */

/* Begin PBXVariantGroup section */
		430E68BB2379653E00B96D78 /* LaunchScreen.storyboard */ = {
			isa = PBXVariantGroup;
			children = (
				430E68BC2379653E00B96D78 /* Base */,
			);
			name = LaunchScreen.storyboard;
			sourceTree = "<group>";
		};
/* End PBXVariantGroup section */

/* Begin XCBuildConfiguration section */
		430E68CA2379653E00B96D78 /* Debug */ = {
			isa = XCBuildConfiguration;
			buildSettings = {
				ALWAYS_SEARCH_USER_PATHS = NO;
				CLANG_ANALYZER_NONNULL = YES;
				CLANG_ANALYZER_NUMBER_OBJECT_CONVERSION = YES_AGGRESSIVE;
				CLANG_CXX_LANGUAGE_STANDARD = "gnu++14";
				CLANG_CXX_LIBRARY = "libc++";
				CLANG_ENABLE_MODULES = YES;
				CLANG_ENABLE_OBJC_ARC = YES;
				CLANG_ENABLE_OBJC_WEAK = YES;
				CLANG_WARN_BLOCK_CAPTURE_AUTORELEASING = YES;
				CLANG_WARN_BOOL_CONVERSION = YES;
				CLANG_WARN_COMMA = YES;
				CLANG_WARN_CONSTANT_CONVERSION = YES;
				CLANG_WARN_DEPRECATED_OBJC_IMPLEMENTATIONS = YES;
				CLANG_WARN_DIRECT_OBJC_ISA_USAGE = YES_ERROR;
				CLANG_WARN_DOCUMENTATION_COMMENTS = YES;
				CLANG_WARN_EMPTY_BODY = YES;
				CLANG_WARN_ENUM_CONVERSION = YES;
				CLANG_WARN_INFINITE_RECURSION = YES;
				CLANG_WARN_INT_CONVERSION = YES;
				CLANG_WARN_NON_LITERAL_NULL_CONVERSION = YES;
				CLANG_WARN_OBJC_IMPLICIT_RETAIN_SELF = YES;
				CLANG_WARN_OBJC_LITERAL_CONVERSION = YES;
				CLANG_WARN_OBJC_ROOT_CLASS = YES_ERROR;
				CLANG_WARN_RANGE_LOOP_ANALYSIS = YES;
				CLANG_WARN_STRICT_PROTOTYPES = YES;
				CLANG_WARN_SUSPICIOUS_MOVE = YES;
				CLANG_WARN_UNGUARDED_AVAILABILITY = YES_AGGRESSIVE;
				CLANG_WARN_UNREACHABLE_CODE = YES;
				CLANG_WARN__DUPLICATE_METHOD_MATCH = YES;
				COPY_PHASE_STRIP = NO;
				DEBUG_INFORMATION_FORMAT = dwarf;
				ENABLE_STRICT_OBJC_MSGSEND = YES;
				ENABLE_TESTABILITY = YES;
				GCC_C_LANGUAGE_STANDARD = gnu11;
				GCC_DYNAMIC_NO_PIC = NO;
				GCC_NO_COMMON_BLOCKS = YES;
				GCC_OPTIMIZATION_LEVEL = 0;
				GCC_PREPROCESSOR_DEFINITIONS = (
					"DEBUG=1",
					"$(inherited)",
				);
				GCC_WARN_64_TO_32_BIT_CONVERSION = YES;
				GCC_WARN_ABOUT_RETURN_TYPE = YES_ERROR;
				GCC_WARN_UNDECLARED_SELECTOR = YES;
				GCC_WARN_UNINITIALIZED_AUTOS = YES_AGGRESSIVE;
				GCC_WARN_UNUSED_FUNCTION = YES;
				GCC_WARN_UNUSED_VARIABLE = YES;
				IPHONEOS_DEPLOYMENT_TARGET = 13.2;
				MTL_ENABLE_DEBUG_INFO = INCLUDE_SOURCE;
				MTL_FAST_MATH = YES;
				ONLY_ACTIVE_ARCH = YES;
				SDKROOT = iphoneos;
				SWIFT_ACTIVE_COMPILATION_CONDITIONS = DEBUG;
				SWIFT_OPTIMIZATION_LEVEL = "-Onone";
			};
			name = Debug;
		};
		430E68CB2379653E00B96D78 /* Release */ = {
			isa = XCBuildConfiguration;
			buildSettings = {
				ALWAYS_SEARCH_USER_PATHS = NO;
				CLANG_ANALYZER_NONNULL = YES;
				CLANG_ANALYZER_NUMBER_OBJECT_CONVERSION = YES_AGGRESSIVE;
				CLANG_CXX_LANGUAGE_STANDARD = "gnu++14";
				CLANG_CXX_LIBRARY = "libc++";
				CLANG_ENABLE_MODULES = YES;
				CLANG_ENABLE_OBJC_ARC = YES;
				CLANG_ENABLE_OBJC_WEAK = YES;
				CLANG_WARN_BLOCK_CAPTURE_AUTORELEASING = YES;
				CLANG_WARN_BOOL_CONVERSION = YES;
				CLANG_WARN_COMMA = YES;
				CLANG_WARN_CONSTANT_CONVERSION = YES;
				CLANG_WARN_DEPRECATED_OBJC_IMPLEMENTATIONS = YES;
				CLANG_WARN_DIRECT_OBJC_ISA_USAGE = YES_ERROR;
				CLANG_WARN_DOCUMENTATION_COMMENTS = YES;
				CLANG_WARN_EMPTY_BODY = YES;
				CLANG_WARN_ENUM_CONVERSION = YES;
				CLANG_WARN_INFINITE_RECURSION = YES;
				CLANG_WARN_INT_CONVERSION = YES;
				CLANG_WARN_NON_LITERAL_NULL_CONVERSION = YES;
				CLANG_WARN_OBJC_IMPLICIT_RETAIN_SELF = YES;
				CLANG_WARN_OBJC_LITERAL_CONVERSION = YES;
				CLANG_WARN_OBJC_ROOT_CLASS = YES_ERROR;
				CLANG_WARN_RANGE_LOOP_ANALYSIS = YES;
				CLANG_WARN_STRICT_PROTOTYPES = YES;
				CLANG_WARN_SUSPICIOUS_MOVE = YES;
				CLANG_WARN_UNGUARDED_AVAILABILITY = YES_AGGRESSIVE;
				CLANG_WARN_UNREACHABLE_CODE = YES;
				CLANG_WARN__DUPLICATE_METHOD_MATCH = YES;
				COPY_PHASE_STRIP = NO;
				DEBUG_INFORMATION_FORMAT = "dwarf-with-dsym";
				ENABLE_NS_ASSERTIONS = NO;
				ENABLE_STRICT_OBJC_MSGSEND = YES;
				GCC_C_LANGUAGE_STANDARD = gnu11;
				GCC_NO_COMMON_BLOCKS = YES;
				GCC_WARN_64_TO_32_BIT_CONVERSION = YES;
				GCC_WARN_ABOUT_RETURN_TYPE = YES_ERROR;
				GCC_WARN_UNDECLARED_SELECTOR = YES;
				GCC_WARN_UNINITIALIZED_AUTOS = YES_AGGRESSIVE;
				GCC_WARN_UNUSED_FUNCTION = YES;
				GCC_WARN_UNUSED_VARIABLE = YES;
				IPHONEOS_DEPLOYMENT_TARGET = 13.2;
				MTL_ENABLE_DEBUG_INFO = NO;
				MTL_FAST_MATH = YES;
				SDKROOT = iphoneos;
				SWIFT_COMPILATION_MODE = wholemodule;
				SWIFT_OPTIMIZATION_LEVEL = "-O";
				VALIDATE_PRODUCT = YES;
			};
			name = Release;
		};
		430E68CD2379653E00B96D78 /* Debug */ = {
			isa = XCBuildConfiguration;
			baseConfigurationReference = 1F36F1032556E57BB63375A8 /* Pods-TreeOfThings.debug.xcconfig */;
			buildSettings = {
				ASSETCATALOG_COMPILER_APPICON_NAME = AppIcon;
				CODE_SIGN_IDENTITY = "Apple Development";
				CODE_SIGN_STYLE = Automatic;
				DEVELOPMENT_ASSET_PATHS = "\"TreeOfThings/Preview Content\"";
				DEVELOPMENT_TEAM = "";
				ENABLE_PREVIEWS = YES;
				INFOPLIST_FILE = TreeOfThings/Info.plist;
				LD_RUNPATH_SEARCH_PATHS = (
					"$(inherited)",
					"@executable_path/Frameworks",
				);
				PRODUCT_BUNDLE_IDENTIFIER = com.donatasp.TreeOfThings;
				PRODUCT_NAME = "$(TARGET_NAME)";
				PROVISIONING_PROFILE_SPECIFIER = "";
				SWIFT_VERSION = 5.0;
				TARGETED_DEVICE_FAMILY = "1,2";
			};
			name = Debug;
		};
		430E68CE2379653E00B96D78 /* Release */ = {
			isa = XCBuildConfiguration;
			baseConfigurationReference = 82FD81727BF6EC956B818963 /* Pods-TreeOfThings.release.xcconfig */;
			buildSettings = {
				ASSETCATALOG_COMPILER_APPICON_NAME = AppIcon;
				CODE_SIGN_IDENTITY = "Apple Development";
				CODE_SIGN_STYLE = Automatic;
				DEVELOPMENT_ASSET_PATHS = "\"TreeOfThings/Preview Content\"";
				DEVELOPMENT_TEAM = "";
				ENABLE_PREVIEWS = YES;
				INFOPLIST_FILE = TreeOfThings/Info.plist;
				LD_RUNPATH_SEARCH_PATHS = (
					"$(inherited)",
					"@executable_path/Frameworks",
				);
				PRODUCT_BUNDLE_IDENTIFIER = com.donatasp.TreeOfThings;
				PRODUCT_NAME = "$(TARGET_NAME)";
				PROVISIONING_PROFILE_SPECIFIER = "";
				SWIFT_VERSION = 5.0;
				TARGETED_DEVICE_FAMILY = "1,2";
			};
			name = Release;
		};
		430E68D02379653E00B96D78 /* Debug */ = {
			isa = XCBuildConfiguration;
			baseConfigurationReference = 9E1AEC94CCE9F5A3317ED12C /* Pods-TreeOfThingsTests.debug.xcconfig */;
			buildSettings = {
				ALWAYS_EMBED_SWIFT_STANDARD_LIBRARIES = YES;
				BUNDLE_LOADER = "$(TEST_HOST)";
				CODE_SIGN_STYLE = Automatic;
				INFOPLIST_FILE = TreeOfThingsTests/Info.plist;
				IPHONEOS_DEPLOYMENT_TARGET = 13.2;
				LD_RUNPATH_SEARCH_PATHS = (
					"$(inherited)",
					"@executable_path/Frameworks",
					"@loader_path/Frameworks",
				);
				PRODUCT_BUNDLE_IDENTIFIER = com.donatasp.TreeOfThingsTests;
				PRODUCT_NAME = "$(TARGET_NAME)";
				SWIFT_VERSION = 5.0;
				TARGETED_DEVICE_FAMILY = "1,2";
				TEST_HOST = "$(BUILT_PRODUCTS_DIR)/TreeOfThings.app/TreeOfThings";
			};
			name = Debug;
		};
		430E68D12379653E00B96D78 /* Release */ = {
			isa = XCBuildConfiguration;
			baseConfigurationReference = D0B0759AE6EA118182FF88ED /* Pods-TreeOfThingsTests.release.xcconfig */;
			buildSettings = {
				ALWAYS_EMBED_SWIFT_STANDARD_LIBRARIES = YES;
				BUNDLE_LOADER = "$(TEST_HOST)";
				CODE_SIGN_STYLE = Automatic;
				INFOPLIST_FILE = TreeOfThingsTests/Info.plist;
				IPHONEOS_DEPLOYMENT_TARGET = 13.2;
				LD_RUNPATH_SEARCH_PATHS = (
					"$(inherited)",
					"@executable_path/Frameworks",
					"@loader_path/Frameworks",
				);
				PRODUCT_BUNDLE_IDENTIFIER = com.donatasp.TreeOfThingsTests;
				PRODUCT_NAME = "$(TARGET_NAME)";
				SWIFT_VERSION = 5.0;
				TARGETED_DEVICE_FAMILY = "1,2";
				TEST_HOST = "$(BUILT_PRODUCTS_DIR)/TreeOfThings.app/TreeOfThings";
			};
			name = Release;
		};
/* End XCBuildConfiguration section */

/* Begin XCConfigurationList section */
		430E68A82379653D00B96D78 /* Build configuration list for PBXProject "TreeOfThings" */ = {
			isa = XCConfigurationList;
			buildConfigurations = (
				430E68CA2379653E00B96D78 /* Debug */,
				430E68CB2379653E00B96D78 /* Release */,
			);
			defaultConfigurationIsVisible = 0;
			defaultConfigurationName = Release;
		};
		430E68CC2379653E00B96D78 /* Build configuration list for PBXNativeTarget "TreeOfThings" */ = {
			isa = XCConfigurationList;
			buildConfigurations = (
				430E68CD2379653E00B96D78 /* Debug */,
				430E68CE2379653E00B96D78 /* Release */,
			);
			defaultConfigurationIsVisible = 0;
			defaultConfigurationName = Release;
		};
		430E68CF2379653E00B96D78 /* Build configuration list for PBXNativeTarget "TreeOfThingsTests" */ = {
			isa = XCConfigurationList;
			buildConfigurations = (
				430E68D02379653E00B96D78 /* Debug */,
				430E68D12379653E00B96D78 /* Release */,
			);
			defaultConfigurationIsVisible = 0;
			defaultConfigurationName = Release;
		};
/* End XCConfigurationList section */
	};
	rootObject = 430E68A52379653D00B96D78 /* Project object */;
}
